// !$*UTF8*$!
{
	archiveVersion = 1;
	classes = {
	};
	objectVersion = 48;
	objects = {

/* Begin PBXBuildFile section */
		EC7E955E2366F425006067EC /* MapViewController.swift in Sources */ = {isa = PBXBuildFile; fileRef = EC7E955D2366F425006067EC /* MapViewController.swift */; };
		EC7E95612366F69E006067EC /* CoreLocation.framework in Frameworks */ = {isa = PBXBuildFile; fileRef = EC7E95602366F69E006067EC /* CoreLocation.framework */; };
		EC7E95632366F6A9006067EC /* MapKit.framework in Frameworks */ = {isa = PBXBuildFile; fileRef = EC7E95622366F6A9006067EC /* MapKit.framework */; };
		ECAE6457235DCB94001FACF4 /* AppDelegate.swift in Sources */ = {isa = PBXBuildFile; fileRef = ECAE6456235DCB94001FACF4 /* AppDelegate.swift */; };
		ECAE6459235DCB94001FACF4 /* ViewController.swift in Sources */ = {isa = PBXBuildFile; fileRef = ECAE6458235DCB94001FACF4 /* ViewController.swift */; };
		ECAE645C235DCB94001FACF4 /* Main.storyboard in Resources */ = {isa = PBXBuildFile; fileRef = ECAE645A235DCB94001FACF4 /* Main.storyboard */; };
		ECAE645E235DCB95001FACF4 /* Assets.xcassets in Resources */ = {isa = PBXBuildFile; fileRef = ECAE645D235DCB95001FACF4 /* Assets.xcassets */; };
		ECAE6461235DCB95001FACF4 /* LaunchScreen.storyboard in Resources */ = {isa = PBXBuildFile; fileRef = ECAE645F235DCB95001FACF4 /* LaunchScreen.storyboard */; };
		ECAE646C235DCB95001FACF4 /* ProjTests.swift in Sources */ = {isa = PBXBuildFile; fileRef = ECAE646B235DCB95001FACF4 /* ProjTests.swift */; };
		ECAE6477235DCB95001FACF4 /* ProjUITests.swift in Sources */ = {isa = PBXBuildFile; fileRef = ECAE6476235DCB95001FACF4 /* ProjUITests.swift */; };
/* End PBXBuildFile section */

/* Begin PBXContainerItemProxy section */
		ECAE6468235DCB95001FACF4 /* PBXContainerItemProxy */ = {
			isa = PBXContainerItemProxy;
			containerPortal = ECAE644B235DCB94001FACF4 /* Project object */;
			proxyType = 1;
			remoteGlobalIDString = ECAE6452235DCB94001FACF4;
			remoteInfo = Proj;
		};
		ECAE6473235DCB95001FACF4 /* PBXContainerItemProxy */ = {
			isa = PBXContainerItemProxy;
			containerPortal = ECAE644B235DCB94001FACF4 /* Project object */;
			proxyType = 1;
			remoteGlobalIDString = ECAE6452235DCB94001FACF4;
			remoteInfo = Proj;
		};
/* End PBXContainerItemProxy section */

/* Begin PBXFileReference section */
		EC7E955D2366F425006067EC /* MapViewController.swift */ = {isa = PBXFileReference; lastKnownFileType = sourcecode.swift; path = MapViewController.swift; sourceTree = "<group>"; };
		EC7E95602366F69E006067EC /* CoreLocation.framework */ = {isa = PBXFileReference; lastKnownFileType = wrapper.framework; name = CoreLocation.framework; path = System/Library/Frameworks/CoreLocation.framework; sourceTree = SDKROOT; };
		EC7E95622366F6A9006067EC /* MapKit.framework */ = {isa = PBXFileReference; lastKnownFileType = wrapper.framework; name = MapKit.framework; path = System/Library/Frameworks/MapKit.framework; sourceTree = SDKROOT; };
		ECAE6453235DCB94001FACF4 /* Proj.app */ = {isa = PBXFileReference; explicitFileType = wrapper.application; includeInIndex = 0; path = Proj.app; sourceTree = BUILT_PRODUCTS_DIR; };
		ECAE6456235DCB94001FACF4 /* AppDelegate.swift */ = {isa = PBXFileReference; lastKnownFileType = sourcecode.swift; path = AppDelegate.swift; sourceTree = "<group>"; };
		ECAE6458235DCB94001FACF4 /* ViewController.swift */ = {isa = PBXFileReference; lastKnownFileType = sourcecode.swift; path = ViewController.swift; sourceTree = "<group>"; };
		ECAE645B235DCB94001FACF4 /* Base */ = {isa = PBXFileReference; lastKnownFileType = file.storyboard; name = Base; path = Base.lproj/Main.storyboard; sourceTree = "<group>"; };
		ECAE645D235DCB95001FACF4 /* Assets.xcassets */ = {isa = PBXFileReference; lastKnownFileType = folder.assetcatalog; path = Assets.xcassets; sourceTree = "<group>"; };
		ECAE6460235DCB95001FACF4 /* Base */ = {isa = PBXFileReference; lastKnownFileType = file.storyboard; name = Base; path = Base.lproj/LaunchScreen.storyboard; sourceTree = "<group>"; };
		ECAE6462235DCB95001FACF4 /* Info.plist */ = {isa = PBXFileReference; lastKnownFileType = text.plist.xml; path = Info.plist; sourceTree = "<group>"; };
		ECAE6467235DCB95001FACF4 /* ProjTests.xctest */ = {isa = PBXFileReference; explicitFileType = wrapper.cfbundle; includeInIndex = 0; path = ProjTests.xctest; sourceTree = BUILT_PRODUCTS_DIR; };
		ECAE646B235DCB95001FACF4 /* ProjTests.swift */ = {isa = PBXFileReference; lastKnownFileType = sourcecode.swift; path = ProjTests.swift; sourceTree = "<group>"; };
		ECAE646D235DCB95001FACF4 /* Info.plist */ = {isa = PBXFileReference; lastKnownFileType = text.plist.xml; path = Info.plist; sourceTree = "<group>"; };
		ECAE6472235DCB95001FACF4 /* ProjUITests.xctest */ = {isa = PBXFileReference; explicitFileType = wrapper.cfbundle; includeInIndex = 0; path = ProjUITests.xctest; sourceTree = BUILT_PRODUCTS_DIR; };
		ECAE6476235DCB95001FACF4 /* ProjUITests.swift */ = {isa = PBXFileReference; lastKnownFileType = sourcecode.swift; path = ProjUITests.swift; sourceTree = "<group>"; };
		ECAE6478235DCB95001FACF4 /* Info.plist */ = {isa = PBXFileReference; lastKnownFileType = text.plist.xml; path = Info.plist; sourceTree = "<group>"; };
/* End PBXFileReference section */

/* Begin PBXFrameworksBuildPhase section */
		ECAE6450235DCB94001FACF4 /* Frameworks */ = {
			isa = PBXFrameworksBuildPhase;
			buildActionMask = 2147483647;
			files = (
				EC7E95632366F6A9006067EC /* MapKit.framework in Frameworks */,
				EC7E95612366F69E006067EC /* CoreLocation.framework in Frameworks */,
			);
			runOnlyForDeploymentPostprocessing = 0;
		};
		ECAE6464235DCB95001FACF4 /* Frameworks */ = {
			isa = PBXFrameworksBuildPhase;
			buildActionMask = 2147483647;
			files = (
			);
			runOnlyForDeploymentPostprocessing = 0;
		};
		ECAE646F235DCB95001FACF4 /* Frameworks */ = {
			isa = PBXFrameworksBuildPhase;
			buildActionMask = 2147483647;
			files = (
			);
			runOnlyForDeploymentPostprocessing = 0;
		};
/* End PBXFrameworksBuildPhase section */

/* Begin PBXGroup section */
		EC7E955F2366F69E006067EC /* Frameworks */ = {
			isa = PBXGroup;
			children = (
				EC7E95622366F6A9006067EC /* MapKit.framework */,
				EC7E95602366F69E006067EC /* CoreLocation.framework */,
			);
			name = Frameworks;
			sourceTree = "<group>";
		};
		ECAE644A235DCB94001FACF4 = {
			isa = PBXGroup;
			children = (
				ECAE6455235DCB94001FACF4 /* Proj */,
				ECAE646A235DCB95001FACF4 /* ProjTests */,
				ECAE6475235DCB95001FACF4 /* ProjUITests */,
				ECAE6454235DCB94001FACF4 /* Products */,
				EC7E955F2366F69E006067EC /* Frameworks */,
			);
			sourceTree = "<group>";
		};
		ECAE6454235DCB94001FACF4 /* Products */ = {
			isa = PBXGroup;
			children = (
				ECAE6453235DCB94001FACF4 /* Proj.app */,
				ECAE6467235DCB95001FACF4 /* ProjTests.xctest */,
				ECAE6472235DCB95001FACF4 /* ProjUITests.xctest */,
			);
			name = Products;
			sourceTree = "<group>";
		};
		ECAE6455235DCB94001FACF4 /* Proj */ = {
			isa = PBXGroup;
			children = (
				ECAE6456235DCB94001FACF4 /* AppDelegate.swift */,
				ECAE6458235DCB94001FACF4 /* ViewController.swift */,
				ECAE645A235DCB94001FACF4 /* Main.storyboard */,
				EC7E955D2366F425006067EC /* MapViewController.swift */,
				ECAE645D235DCB95001FACF4 /* Assets.xcassets */,
				ECAE645F235DCB95001FACF4 /* LaunchScreen.storyboard */,
				ECAE6462235DCB95001FACF4 /* Info.plist */,
			);
			path = Proj;
			sourceTree = "<group>";
		};
		ECAE646A235DCB95001FACF4 /* ProjTests */ = {
			isa = PBXGroup;
			children = (
				ECAE646B235DCB95001FACF4 /* ProjTests.swift */,
				ECAE646D235DCB95001FACF4 /* Info.plist */,
			);
			path = ProjTests;
			sourceTree = "<group>";
		};
		ECAE6475235DCB95001FACF4 /* ProjUITests */ = {
			isa = PBXGroup;
			children = (
				ECAE6476235DCB95001FACF4 /* ProjUITests.swift */,
				ECAE6478235DCB95001FACF4 /* Info.plist */,
			);
			path = ProjUITests;
			sourceTree = "<group>";
		};
/* End PBXGroup section */

/* Begin PBXNativeTarget section */
		ECAE6452235DCB94001FACF4 /* Proj */ = {
			isa = PBXNativeTarget;
			buildConfigurationList = ECAE647B235DCB95001FACF4 /* Build configuration list for PBXNativeTarget "Proj" */;
			buildPhases = (
				ECAE644F235DCB94001FACF4 /* Sources */,
				ECAE6450235DCB94001FACF4 /* Frameworks */,
				ECAE6451235DCB94001FACF4 /* Resources */,
			);
			buildRules = (
			);
			dependencies = (
			);
			name = Proj;
			productName = Proj;
			productReference = ECAE6453235DCB94001FACF4 /* Proj.app */;
			productType = "com.apple.product-type.application";
		};
		ECAE6466235DCB95001FACF4 /* ProjTests */ = {
			isa = PBXNativeTarget;
			buildConfigurationList = ECAE647E235DCB95001FACF4 /* Build configuration list for PBXNativeTarget "ProjTests" */;
			buildPhases = (
				ECAE6463235DCB95001FACF4 /* Sources */,
				ECAE6464235DCB95001FACF4 /* Frameworks */,
				ECAE6465235DCB95001FACF4 /* Resources */,
			);
			buildRules = (
			);
			dependencies = (
				ECAE6469235DCB95001FACF4 /* PBXTargetDependency */,
			);
			name = ProjTests;
			productName = ProjTests;
			productReference = ECAE6467235DCB95001FACF4 /* ProjTests.xctest */;
			productType = "com.apple.product-type.bundle.unit-test";
		};
		ECAE6471235DCB95001FACF4 /* ProjUITests */ = {
			isa = PBXNativeTarget;
			buildConfigurationList = ECAE6481235DCB95001FACF4 /* Build configuration list for PBXNativeTarget "ProjUITests" */;
			buildPhases = (
				ECAE646E235DCB95001FACF4 /* Sources */,
				ECAE646F235DCB95001FACF4 /* Frameworks */,
				ECAE6470235DCB95001FACF4 /* Resources */,
			);
			buildRules = (
			);
			dependencies = (
				ECAE6474235DCB95001FACF4 /* PBXTargetDependency */,
			);
			name = ProjUITests;
			productName = ProjUITests;
			productReference = ECAE6472235DCB95001FACF4 /* ProjUITests.xctest */;
			productType = "com.apple.product-type.bundle.ui-testing";
		};
/* End PBXNativeTarget section */

/* Begin PBXProject section */
		ECAE644B235DCB94001FACF4 /* Project object */ = {
			isa = PBXProject;
			attributes = {
				LastSwiftUpdateCheck = 0920;
				LastUpgradeCheck = 0920;
				ORGANIZATIONNAME = etudiant;
				TargetAttributes = {
					ECAE6452235DCB94001FACF4 = {
						CreatedOnToolsVersion = 9.2;
						ProvisioningStyle = Automatic;
					};
					ECAE6466235DCB95001FACF4 = {
						CreatedOnToolsVersion = 9.2;
						ProvisioningStyle = Automatic;
						TestTargetID = ECAE6452235DCB94001FACF4;
					};
					ECAE6471235DCB95001FACF4 = {
						CreatedOnToolsVersion = 9.2;
						ProvisioningStyle = Automatic;
						TestTargetID = ECAE6452235DCB94001FACF4;
					};
				};
			};
			buildConfigurationList = ECAE644E235DCB94001FACF4 /* Build configuration list for PBXProject "Proj" */;
			compatibilityVersion = "Xcode 8.0";
			developmentRegion = en;
			hasScannedForEncodings = 0;
			knownRegions = (
				en,
				Base,
			);
			mainGroup = ECAE644A235DCB94001FACF4;
			productRefGroup = ECAE6454235DCB94001FACF4 /* Products */;
			projectDirPath = "";
			projectRoot = "";
			targets = (
				ECAE6452235DCB94001FACF4 /* Proj */,
				ECAE6466235DCB95001FACF4 /* ProjTests */,
				ECAE6471235DCB95001FACF4 /* ProjUITests */,
			);
		};
/* End PBXProject section */

/* Begin PBXResourcesBuildPhase section */
		ECAE6451235DCB94001FACF4 /* Resources */ = {
			isa = PBXResourcesBuildPhase;
			buildActionMask = 2147483647;
			files = (
				ECAE6461235DCB95001FACF4 /* LaunchScreen.storyboard in Resources */,
				ECAE645E235DCB95001FACF4 /* Assets.xcassets in Resources */,
				ECAE645C235DCB94001FACF4 /* Main.storyboard in Resources */,
			);
			runOnlyForDeploymentPostprocessing = 0;
		};
		ECAE6465235DCB95001FACF4 /* Resources */ = {
			isa = PBXResourcesBuildPhase;
			buildActionMask = 2147483647;
			files = (
			);
			runOnlyForDeploymentPostprocessing = 0;
		};
		ECAE6470235DCB95001FACF4 /* Resources */ = {
			isa = PBXResourcesBuildPhase;
			buildActionMask = 2147483647;
			files = (
			);
			runOnlyForDeploymentPostprocessing = 0;
		};
/* End PBXResourcesBuildPhase section */

/* Begin PBXSourcesBuildPhase section */
		ECAE644F235DCB94001FACF4 /* Sources */ = {
			isa = PBXSourcesBuildPhase;
			buildActionMask = 2147483647;
			files = (
				ECAE6459235DCB94001FACF4 /* ViewController.swift in Sources */,
				EC7E955E2366F425006067EC /* MapViewController.swift in Sources */,
				ECAE6457235DCB94001FACF4 /* AppDelegate.swift in Sources */,
			);
			runOnlyForDeploymentPostprocessing = 0;
		};
		ECAE6463235DCB95001FACF4 /* Sources */ = {
			isa = PBXSourcesBuildPhase;
			buildActionMask = 2147483647;
			files = (
				ECAE646C235DCB95001FACF4 /* ProjTests.swift in Sources */,
			);
			runOnlyForDeploymentPostprocessing = 0;
		};
		ECAE646E235DCB95001FACF4 /* Sources */ = {
			isa = PBXSourcesBuildPhase;
			buildActionMask = 2147483647;
			files = (
				ECAE6477235DCB95001FACF4 /* ProjUITests.swift in Sources */,
			);
			runOnlyForDeploymentPostprocessing = 0;
		};
/* End PBXSourcesBuildPhase section */

/* Begin PBXTargetDependency section */
		ECAE6469235DCB95001FACF4 /* PBXTargetDependency */ = {
			isa = PBXTargetDependency;
			target = ECAE6452235DCB94001FACF4 /* Proj */;
			targetProxy = ECAE6468235DCB95001FACF4 /* PBXContainerItemProxy */;
		};
		ECAE6474235DCB95001FACF4 /* PBXTargetDependency */ = {
			isa = PBXTargetDependency;
			target = ECAE6452235DCB94001FACF4 /* Proj */;
			targetProxy = ECAE6473235DCB95001FACF4 /* PBXContainerItemProxy */;
		};
/* End PBXTargetDependency section */

/* Begin PBXVariantGroup section */
		ECAE645A235DCB94001FACF4 /* Main.storyboard */ = {
			isa = PBXVariantGroup;
			children = (
				ECAE645B235DCB94001FACF4 /* Base */,
			);
			name = Main.storyboard;
			sourceTree = "<group>";
		};
		ECAE645F235DCB95001FACF4 /* LaunchScreen.storyboard */ = {
			isa = PBXVariantGroup;
			children = (
				ECAE6460235DCB95001FACF4 /* Base */,
			);
			name = LaunchScreen.storyboard;
			sourceTree = "<group>";
		};
/* End PBXVariantGroup section */

/* Begin XCBuildConfiguration section */
		ECAE6479235DCB95001FACF4 /* Debug */ = {
			isa = XCBuildConfiguration;
			buildSettings = {
				ALWAYS_SEARCH_USER_PATHS = NO;
				CLANG_ANALYZER_NONNULL = YES;
				CLANG_ANALYZER_NUMBER_OBJECT_CONVERSION = YES_AGGRESSIVE;
				CLANG_CXX_LANGUAGE_STANDARD = "gnu++14";
				CLANG_CXX_LIBRARY = "libc++";
				CLANG_ENABLE_MODULES = YES;
				CLANG_ENABLE_OBJC_ARC = YES;
				CLANG_WARN_BLOCK_CAPTURE_AUTORELEASING = YES;
				CLANG_WARN_BOOL_CONVERSION = YES;
				CLANG_WARN_COMMA = YES;
				CLANG_WARN_CONSTANT_CONVERSION = YES;
				CLANG_WARN_DIRECT_OBJC_ISA_USAGE = YES_ERROR;
				CLANG_WARN_DOCUMENTATION_COMMENTS = YES;
				CLANG_WARN_EMPTY_BODY = YES;
				CLANG_WARN_ENUM_CONVERSION = YES;
				CLANG_WARN_INFINITE_RECURSION = YES;
				CLANG_WARN_INT_CONVERSION = YES;
				CLANG_WARN_NON_LITERAL_NULL_CONVERSION = YES;
				CLANG_WARN_OBJC_LITERAL_CONVERSION = YES;
				CLANG_WARN_OBJC_ROOT_CLASS = YES_ERROR;
				CLANG_WARN_RANGE_LOOP_ANALYSIS = YES;
				CLANG_WARN_STRICT_PROTOTYPES = YES;
				CLANG_WARN_SUSPICIOUS_MOVE = YES;
				CLANG_WARN_UNGUARDED_AVAILABILITY = YES_AGGRESSIVE;
				CLANG_WARN_UNREACHABLE_CODE = YES;
				CLANG_WARN__DUPLICATE_METHOD_MATCH = YES;
				CODE_SIGN_IDENTITY = "iPhone Developer";
				COPY_PHASE_STRIP = NO;
				DEBUG_INFORMATION_FORMAT = dwarf;
				ENABLE_STRICT_OBJC_MSGSEND = YES;
				ENABLE_TESTABILITY = YES;
				GCC_C_LANGUAGE_STANDARD = gnu11;
				GCC_DYNAMIC_NO_PIC = NO;
				GCC_NO_COMMON_BLOCKS = YES;
				GCC_OPTIMIZATION_LEVEL = 0;
				GCC_PREPROCESSOR_DEFINITIONS = (
					"DEBUG=1",
					"$(inherited)",
				);
				GCC_WARN_64_TO_32_BIT_CONVERSION = YES;
				GCC_WARN_ABOUT_RETURN_TYPE = YES_ERROR;
				GCC_WARN_UNDECLARED_SELECTOR = YES;
				GCC_WARN_UNINITIALIZED_AUTOS = YES_AGGRESSIVE;
				GCC_WARN_UNUSED_FUNCTION = YES;
				GCC_WARN_UNUSED_VARIABLE = YES;
				IPHONEOS_DEPLOYMENT_TARGET = 11.2;
				MTL_ENABLE_DEBUG_INFO = YES;
				ONLY_ACTIVE_ARCH = YES;
				SDKROOT = iphoneos;
				SWIFT_ACTIVE_COMPILATION_CONDITIONS = DEBUG;
				SWIFT_OPTIMIZATION_LEVEL = "-Onone";
			};
			name = Debug;
		};
		ECAE647A235DCB95001FACF4 /* Release */ = {
			isa = XCBuildConfiguration;
			buildSettings = {
				ALWAYS_SEARCH_USER_PATHS = NO;
				CLANG_ANALYZER_NONNULL = YES;
				CLANG_ANALYZER_NUMBER_OBJECT_CONVERSION = YES_AGGRESSIVE;
				CLANG_CXX_LANGUAGE_STANDARD = "gnu++14";
				CLANG_CXX_LIBRARY = "libc++";
				CLANG_ENABLE_MODULES = YES;
				CLANG_ENABLE_OBJC_ARC = YES;
				CLANG_WARN_BLOCK_CAPTURE_AUTORELEASING = YES;
				CLANG_WARN_BOOL_CONVERSION = YES;
				CLANG_WARN_COMMA = YES;
				CLANG_WARN_CONSTANT_CONVERSION = YES;
				CLANG_WARN_DIRECT_OBJC_ISA_USAGE = YES_ERROR;
				CLANG_WARN_DOCUMENTATION_COMMENTS = YES;
				CLANG_WARN_EMPTY_BODY = YES;
				CLANG_WARN_ENUM_CONVERSION = YES;
				CLANG_WARN_INFINITE_RECURSION = YES;
				CLANG_WARN_INT_CONVERSION = YES;
				CLANG_WARN_NON_LITERAL_NULL_CONVERSION = YES;
				CLANG_WARN_OBJC_LITERAL_CONVERSION = YES;
				CLANG_WARN_OBJC_ROOT_CLASS = YES_ERROR;
				CLANG_WARN_RANGE_LOOP_ANALYSIS = YES;
				CLANG_WARN_STRICT_PROTOTYPES = YES;
				CLANG_WARN_SUSPICIOUS_MOVE = YES;
				CLANG_WARN_UNGUARDED_AVAILABILITY = YES_AGGRESSIVE;
				CLANG_WARN_UNREACHABLE_CODE = YES;
				CLANG_WARN__DUPLICATE_METHOD_MATCH = YES;
				CODE_SIGN_IDENTITY = "iPhone Developer";
				COPY_PHASE_STRIP = NO;
				DEBUG_INFORMATION_FORMAT = "dwarf-with-dsym";
				ENABLE_NS_ASSERTIONS = NO;
				ENABLE_STRICT_OBJC_MSGSEND = YES;
				GCC_C_LANGUAGE_STANDARD = gnu11;
				GCC_NO_COMMON_BLOCKS = YES;
				GCC_WARN_64_TO_32_BIT_CONVERSION = YES;
				GCC_WARN_ABOUT_RETURN_TYPE = YES_ERROR;
				GCC_WARN_UNDECLARED_SELECTOR = YES;
				GCC_WARN_UNINITIALIZED_AUTOS = YES_AGGRESSIVE;
				GCC_WARN_UNUSED_FUNCTION = YES;
				GCC_WARN_UNUSED_VARIABLE = YES;
				IPHONEOS_DEPLOYMENT_TARGET = 11.2;
				MTL_ENABLE_DEBUG_INFO = NO;
				SDKROOT = iphoneos;
				SWIFT_OPTIMIZATION_LEVEL = "-Owholemodule";
				VALIDATE_PRODUCT = YES;
			};
			name = Release;
		};
		ECAE647C235DCB95001FACF4 /* Debug */ = {
			isa = XCBuildConfiguration;
			buildSettings = {
				ASSETCATALOG_COMPILER_APPICON_NAME = AppIcon;
				CODE_SIGN_STYLE = Automatic;
				INFOPLIST_FILE = Proj/Info.plist;
				LD_RUNPATH_SEARCH_PATHS = "$(inherited) @executable_path/Frameworks";
				PRODUCT_BUNDLE_IDENTIFIER = ERIMAYohan.Proj;
				PRODUCT_NAME = "$(TARGET_NAME)";
				SWIFT_VERSION = 4.0;
				TARGETED_DEVICE_FAMILY = "1,2";
			};
			name = Debug;
		};
		ECAE647D235DCB95001FACF4 /* Release */ = {
			isa = XCBuildConfiguration;
			buildSettings = {
				ASSETCATALOG_COMPILER_APPICON_NAME = AppIcon;
				CODE_SIGN_STYLE = Automatic;
				INFOPLIST_FILE = Proj/Info.plist;
				LD_RUNPATH_SEARCH_PATHS = "$(inherited) @executable_path/Frameworks";
				PRODUCT_BUNDLE_IDENTIFIER = ERIMAYohan.Proj;
				PRODUCT_NAME = "$(TARGET_NAME)";
				SWIFT_VERSION = 4.0;
				TARGETED_DEVICE_FAMILY = "1,2";
			};
			name = Release;
		};
		ECAE647F235DCB95001FACF4 /* Debug */ = {
			isa = XCBuildConfiguration;
			buildSettings = {
				ALWAYS_EMBED_SWIFT_STANDARD_LIBRARIES = YES;
				BUNDLE_LOADER = "$(TEST_HOST)";
				CODE_SIGN_STYLE = Automatic;
				INFOPLIST_FILE = ProjTests/Info.plist;
				LD_RUNPATH_SEARCH_PATHS = "$(inherited) @executable_path/Frameworks @loader_path/Frameworks";
				PRODUCT_BUNDLE_IDENTIFIER = ERIMAYohan.ProjTests;
				PRODUCT_NAME = "$(TARGET_NAME)";
				SWIFT_VERSION = 4.0;
				TARGETED_DEVICE_FAMILY = "1,2";
				TEST_HOST = "$(BUILT_PRODUCTS_DIR)/Proj.app/Proj";
			};
			name = Debug;
		};
		ECAE6480235DCB95001FACF4 /* Release */ = {
			isa = XCBuildConfiguration;
			buildSettings = {
				ALWAYS_EMBED_SWIFT_STANDARD_LIBRARIES = YES;
				BUNDLE_LOADER = "$(TEST_HOST)";
				CODE_SIGN_STYLE = Automatic;
				INFOPLIST_FILE = ProjTests/Info.plist;
				LD_RUNPATH_SEARCH_PATHS = "$(inherited) @executable_path/Frameworks @loader_path/Frameworks";
				PRODUCT_BUNDLE_IDENTIFIER = ERIMAYohan.ProjTests;
				PRODUCT_NAME = "$(TARGET_NAME)";
				SWIFT_VERSION = 4.0;
				TARGETED_DEVICE_FAMILY = "1,2";
				TEST_HOST = "$(BUILT_PRODUCTS_DIR)/Proj.app/Proj";
			};
			name = Release;
		};
		ECAE6482235DCB95001FACF4 /* Debug */ = {
			isa = XCBuildConfiguration;
			buildSettings = {
				ALWAYS_EMBED_SWIFT_STANDARD_LIBRARIES = YES;
				CODE_SIGN_STYLE = Automatic;
				INFOPLIST_FILE = ProjUITests/Info.plist;
				LD_RUNPATH_SEARCH_PATHS = "$(inherited) @executable_path/Frameworks @loader_path/Frameworks";
				PRODUCT_BUNDLE_IDENTIFIER = ERIMAYohan.ProjUITests;
				PRODUCT_NAME = "$(TARGET_NAME)";
				SWIFT_VERSION = 4.0;
				TARGETED_DEVICE_FAMILY = "1,2";
				TEST_TARGET_NAME = Proj;
			};
			name = Debug;
		};
		ECAE6483235DCB95001FACF4 /* Release */ = {
			isa = XCBuildConfiguration;
			buildSettings = {
				ALWAYS_EMBED_SWIFT_STANDARD_LIBRARIES = YES;
				CODE_SIGN_STYLE = Automatic;
				INFOPLIST_FILE = ProjUITests/Info.plist;
				LD_RUNPATH_SEARCH_PATHS = "$(inherited) @executable_path/Frameworks @loader_path/Frameworks";
				PRODUCT_BUNDLE_IDENTIFIER = ERIMAYohan.ProjUITests;
				PRODUCT_NAME = "$(TARGET_NAME)";
				SWIFT_VERSION = 4.0;
				TARGETED_DEVICE_FAMILY = "1,2";
				TEST_TARGET_NAME = Proj;
			};
			name = Release;
		};
/* End XCBuildConfiguration section */

/* Begin XCConfigurationList section */
		ECAE644E235DCB94001FACF4 /* Build configuration list for PBXProject "Proj" */ = {
			isa = XCConfigurationList;
			buildConfigurations = (
				ECAE6479235DCB95001FACF4 /* Debug */,
				ECAE647A235DCB95001FACF4 /* Release */,
			);
			defaultConfigurationIsVisible = 0;
			defaultConfigurationName = Release;
		};
		ECAE647B235DCB95001FACF4 /* Build configuration list for PBXNativeTarget "Proj" */ = {
			isa = XCConfigurationList;
			buildConfigurations = (
				ECAE647C235DCB95001FACF4 /* Debug */,
				ECAE647D235DCB95001FACF4 /* Release */,
			);
			defaultConfigurationIsVisible = 0;
			defaultConfigurationName = Release;
		};
		ECAE647E235DCB95001FACF4 /* Build configuration list for PBXNativeTarget "ProjTests" */ = {
			isa = XCConfigurationList;
			buildConfigurations = (
				ECAE647F235DCB95001FACF4 /* Debug */,
				ECAE6480235DCB95001FACF4 /* Release */,
			);
			defaultConfigurationIsVisible = 0;
			defaultConfigurationName = Release;
		};
		ECAE6481235DCB95001FACF4 /* Build configuration list for PBXNativeTarget "ProjUITests" */ = {
			isa = XCConfigurationList;
			buildConfigurations = (
				ECAE6482235DCB95001FACF4 /* Debug */,
				ECAE6483235DCB95001FACF4 /* Release */,
			);
			defaultConfigurationIsVisible = 0;
			defaultConfigurationName = Release;
		};
/* End XCConfigurationList section */
	};
	rootObject = ECAE644B235DCB94001FACF4 /* Project object */;
}
